
Microsoft Visual Studio Solution File, Format Version 12.00
# Visual Studio Version 16
VisualStudioVersion = 16.0.30717.126
MinimumVisualStudioVersion = 10.0.40219.1
Project("{FAE04EC0-301F-11D3-BF4B-00C04F79EFBC}") = "Ex01-1", "Ex01-1\Ex01-1.csproj", "{6BFFA45F-2C2F-4992-947A-AB9D26A2F7C1}"
EndProject
Project("{FAE04EC0-301F-11D3-BF4B-00C04F79EFBC}") = "Ex01-2", "Ex01-2\Ex01-2.csproj", "{B636C2F3-BF97-44A9-BAF9-25B5EADF82BE}"
EndProject
Project("{FAE04EC0-301F-11D3-BF4B-00C04F79EFBC}") = "Ex01-3", "Ex01-3\Ex01-3.csproj", "{DF4F9906-C91D-45F0-81BB-DD7FB322C1F3}"
EndProject
Project("{FAE04EC0-301F-11D3-BF4B-00C04F79EFBC}") = "Ex01-4", "Ex01-4\Ex01-4.csproj", "{38A80524-2496-456E-83A0-ADD82FC2DDD2}"
EndProject
Project("{FAE04EC0-301F-11D3-BF4B-00C04F79EFBC}") = "Ex02-1", "Ex02-1\Ex02-1.csproj", "{83C6FD6A-2748-48E4-AD3E-A1642561DD78}"
EndProject
Project("{FAE04EC0-301F-11D3-BF4B-00C04F79EFBC}") = "Ex02-2", "Ex02-2\Ex02-2.csproj", "{4BDC4771-F5A3-4CB7-BC32-0099763139C8}"
EndProject
Project("{FAE04EC0-301F-11D3-BF4B-00C04F79EFBC}") = "Ex04-1", "Ex04-1\Ex04-1.csproj", "{1EAF271D-9D80-4260-9EF3-D698873587CF}"
EndProject
Project("{FAE04EC0-301F-11D3-BF4B-00C04F79EFBC}") = "Ex04-2", "Ex04-2\Ex04-2.csproj", "{3F371F4A-FE5F-48A1-A0C8-1814BDD83DEA}"
EndProject
Project("{FAE04EC0-301F-11D3-BF4B-00C04F79EFBC}") = "Ex04-3", "Ex04-3\Ex04-3.csproj", "{86F3C8FC-D170-4C4D-98D6-02CA2E269FCC}"
EndProject
Global
	GlobalSection(SolutionConfigurationPlatforms) = preSolution
		Debug|Any CPU = Debug|Any CPU
		Release|Any CPU = Release|Any CPU
	EndGlobalSection
	GlobalSection(ProjectConfigurationPlatforms) = postSolution
		{6BFFA45F-2C2F-4992-947A-AB9D26A2F7C1}.Debug|Any CPU.ActiveCfg = Debug|Any CPU
		{6BFFA45F-2C2F-4992-947A-AB9D26A2F7C1}.Debug|Any CPU.Build.0 = Debug|Any CPU
		{6BFFA45F-2C2F-4992-947A-AB9D26A2F7C1}.Release|Any CPU.ActiveCfg = Release|Any CPU
		{6BFFA45F-2C2F-4992-947A-AB9D26A2F7C1}.Release|Any CPU.Build.0 = Release|Any CPU
		{B636C2F3-BF97-44A9-BAF9-25B5EADF82BE}.Debug|Any CPU.ActiveCfg = Debug|Any CPU
		{B636C2F3-BF97-44A9-BAF9-25B5EADF82BE}.Debug|Any CPU.Build.0 = Debug|Any CPU
		{B636C2F3-BF97-44A9-BAF9-25B5EADF82BE}.Release|Any CPU.ActiveCfg = Release|Any CPU
		{B636C2F3-BF97-44A9-BAF9-25B5EADF82BE}.Release|Any CPU.Build.0 = Release|Any CPU
		{DF4F9906-C91D-45F0-81BB-DD7FB322C1F3}.Debug|Any CPU.ActiveCfg = Debug|Any CPU
		{DF4F9906-C91D-45F0-81BB-DD7FB322C1F3}.Debug|Any CPU.Build.0 = Debug|Any CPU
		{DF4F9906-C91D-45F0-81BB-DD7FB322C1F3}.Release|Any CPU.ActiveCfg = Release|Any CPU
		{DF4F9906-C91D-45F0-81BB-DD7FB322C1F3}.Release|Any CPU.Build.0 = Release|Any CPU
		{38A80524-2496-456E-83A0-ADD82FC2DDD2}.Debug|Any CPU.ActiveCfg = Debug|Any CPU
		{38A80524-2496-456E-83A0-ADD82FC2DDD2}.Debug|Any CPU.Build.0 = Debug|Any CPU
		{38A80524-2496-456E-83A0-ADD82FC2DDD2}.Release|Any CPU.ActiveCfg = Release|Any CPU
		{38A80524-2496-456E-83A0-ADD82FC2DDD2}.Release|Any CPU.Build.0 = Release|Any CPU
		{83C6FD6A-2748-48E4-AD3E-A1642561DD78}.Debug|Any CPU.ActiveCfg = Debug|Any CPU
		{83C6FD6A-2748-48E4-AD3E-A1642561DD78}.Debug|Any CPU.Build.0 = Debug|Any CPU
		{83C6FD6A-2748-48E4-AD3E-A1642561DD78}.Release|Any CPU.ActiveCfg = Release|Any CPU
		{83C6FD6A-2748-48E4-AD3E-A1642561DD78}.Release|Any CPU.Build.0 = Release|Any CPU
		{4BDC4771-F5A3-4CB7-BC32-0099763139C8}.Debug|Any CPU.ActiveCfg = Debug|Any CPU
		{4BDC4771-F5A3-4CB7-BC32-0099763139C8}.Debug|Any CPU.Build.0 = Debug|Any CPU
		{4BDC4771-F5A3-4CB7-BC32-0099763139C8}.Release|Any CPU.ActiveCfg = Release|Any CPU
		{4BDC4771-F5A3-4CB7-BC32-0099763139C8}.Release|Any CPU.Build.0 = Release|Any CPU
		{1EAF271D-9D80-4260-9EF3-D698873587CF}.Debug|Any CPU.ActiveCfg = Debug|Any CPU
		{1EAF271D-9D80-4260-9EF3-D698873587CF}.Debug|Any CPU.Build.0 = Debug|Any CPU
		{1EAF271D-9D80-4260-9EF3-D698873587CF}.Release|Any CPU.ActiveCfg = Release|Any CPU
		{1EAF271D-9D80-4260-9EF3-D698873587CF}.Release|Any CPU.Build.0 = Release|Any CPU
		{3F371F4A-FE5F-48A1-A0C8-1814BDD83DEA}.Debug|Any CPU.ActiveCfg = Debug|Any CPU
		{3F371F4A-FE5F-48A1-A0C8-1814BDD83DEA}.Debug|Any CPU.Build.0 = Debug|Any CPU
		{3F371F4A-FE5F-48A1-A0C8-1814BDD83DEA}.Release|Any CPU.ActiveCfg = Release|Any CPU
		{3F371F4A-FE5F-48A1-A0C8-1814BDD83DEA}.Release|Any CPU.Build.0 = Release|Any CPU
		{86F3C8FC-D170-4C4D-98D6-02CA2E269FCC}.Debug|Any CPU.ActiveCfg = Debug|Any CPU
		{86F3C8FC-D170-4C4D-98D6-02CA2E269FCC}.Debug|Any CPU.Build.0 = Debug|Any CPU
		{86F3C8FC-D170-4C4D-98D6-02CA2E269FCC}.Release|Any CPU.ActiveCfg = Release|Any CPU
		{86F3C8FC-D170-4C4D-98D6-02CA2E269FCC}.Release|Any CPU.Build.0 = Release|Any CPU
	EndGlobalSection
	GlobalSection(SolutionProperties) = preSolution
		HideSolutionNode = FALSE
	EndGlobalSection
	GlobalSection(ExtensibilityGlobals) = postSolution
		SolutionGuid = {5573856C-EF39-4395-B822-3F5734C31773}
	EndGlobalSection
EndGlobal
